
Microsoft Visual Studio Solution File, Format Version 12.00
# Visual Studio Version 17
VisualStudioVersion = 17.0.31903.59
MinimumVisualStudioVersion = 10.0.40219.1
Project("{9A19103F-16F7-4668-BE54-9A1E7A4F7556}") = "NukeApp", "NukeApp.csproj", "{375260F6-E57C-418B-ABBA-4A5D889AFD0E}"
EndProject
Project("{FAE04EC0-301F-11D3-BF4B-00C04F79EFBC}") = "NukeApp.Test", "..\NukeApp.Test\NukeApp.Test.csproj", "{215F0EF5-C682-487D-AFFF-4599D49547E5}"
EndProject
Global
	GlobalSection(SolutionConfigurationPlatforms) = preSolution
		Debug|Any CPU = Debug|Any CPU
		Release|Any CPU = Release|Any CPU
	EndGlobalSection
	GlobalSection(ProjectConfigurationPlatforms) = postSolution
		{375260F6-E57C-418B-ABBA-4A5D889AFD0E}.Debug|Any CPU.ActiveCfg = Debug|Any CPU
		{375260F6-E57C-418B-ABBA-4A5D889AFD0E}.Debug|Any CPU.Build.0 = Debug|Any CPU
		{375260F6-E57C-418B-ABBA-4A5D889AFD0E}.Release|Any CPU.ActiveCfg = Release|Any CPU
		{375260F6-E57C-418B-ABBA-4A5D889AFD0E}.Release|Any CPU.Build.0 = Release|Any CPU
		{215F0EF5-C682-487D-AFFF-4599D49547E5}.Debug|Any CPU.ActiveCfg = Debug|Any CPU
		{215F0EF5-C682-487D-AFFF-4599D49547E5}.Debug|Any CPU.Build.0 = Debug|Any CPU
		{215F0EF5-C682-487D-AFFF-4599D49547E5}.Release|Any CPU.ActiveCfg = Release|Any CPU
		{215F0EF5-C682-487D-AFFF-4599D49547E5}.Release|Any CPU.Build.0 = Release|Any CPU
	EndGlobalSection
	GlobalSection(SolutionProperties) = preSolution
		HideSolutionNode = FALSE
	EndGlobalSection
	GlobalSection(ExtensibilityGlobals) = postSolution
		SolutionGuid = {659A6155-EF25-48F4-92C7-3F6331493B91}
	EndGlobalSection
EndGlobal
